
Microsoft Visual Studio Solution File, Format Version 12.00
# Visual Studio 2013
VisualStudioVersion = 12.0.30324.0
MinimumVisualStudioVersion = 10.0.40219.1
Project("{FAE04EC0-301F-11D3-BF4B-00C04F79EFBC}") = "RottenTomatoes.Net45.Tests", "RottenTomatoes.NET.Tests\RottenTomatoes.Net45.Tests.csproj", "{3CEF428E-46DA-4F34-8039-C49EF03C0413}"
EndProject
Project("{FAE04EC0-301F-11D3-BF4B-00C04F79EFBC}") = "RottenTomatoes.NET45", "RottenTomatoes.NET\RottenTomatoes.NET45.csproj", "{5E907989-BC57-4824-9F16-83B341E0A972}"
EndProject
Global
	GlobalSection(SolutionConfigurationPlatforms) = preSolution
		Debug|Any CPU = Debug|Any CPU
		Release|Any CPU = Release|Any CPU
	EndGlobalSection
	GlobalSection(ProjectConfigurationPlatforms) = postSolution
		{3CEF428E-46DA-4F34-8039-C49EF03C0413}.Debug|Any CPU.ActiveCfg = Debug|Any CPU
		{3CEF428E-46DA-4F34-8039-C49EF03C0413}.Debug|Any CPU.Build.0 = Debug|Any CPU
		{3CEF428E-46DA-4F34-8039-C49EF03C0413}.Release|Any CPU.ActiveCfg = Release|Any CPU
		{3CEF428E-46DA-4F34-8039-C49EF03C0413}.Release|Any CPU.Build.0 = Release|Any CPU
		{5E907989-BC57-4824-9F16-83B341E0A972}.Debug|Any CPU.ActiveCfg = Debug|Any CPU
		{5E907989-BC57-4824-9F16-83B341E0A972}.Debug|Any CPU.Build.0 = Debug|Any CPU
		{5E907989-BC57-4824-9F16-83B341E0A972}.Release|Any CPU.ActiveCfg = Release|Any CPU
		{5E907989-BC57-4824-9F16-83B341E0A972}.Release|Any CPU.Build.0 = Release|Any CPU
	EndGlobalSection
	GlobalSection(SolutionProperties) = preSolution
		HideSolutionNode = FALSE
	EndGlobalSection
EndGlobal
